// !$*UTF8*$!
{
	archiveVersion = 1;
	classes = {
	};
	objectVersion = 46;
	objects = {

/* Begin PBXBuildFile section */
		3791FF201EB0691A0074E24F /* AppDelegate.swift in Sources */ = {isa = PBXBuildFile; fileRef = 3791FF1F1EB0691A0074E24F /* AppDelegate.swift */; };
		3791FF251EB0691A0074E24F /* Main.storyboard in Resources */ = {isa = PBXBuildFile; fileRef = 3791FF231EB0691A0074E24F /* Main.storyboard */; };
		3791FF271EB0691A0074E24F /* Assets.xcassets in Resources */ = {isa = PBXBuildFile; fileRef = 3791FF261EB0691A0074E24F /* Assets.xcassets */; };
		3791FF2A1EB0691A0074E24F /* LaunchScreen.storyboard in Resources */ = {isa = PBXBuildFile; fileRef = 3791FF281EB0691A0074E24F /* LaunchScreen.storyboard */; };
		3791FF371EB08C4A0074E24F /* ViewController.swift in Sources */ = {isa = PBXBuildFile; fileRef = 3791FF331EB08C4A0074E24F /* ViewController.swift */; };
		3791FF391EB08C810074E24F /* NetWorkTools.swift in Sources */ = {isa = PBXBuildFile; fileRef = 3791FF381EB08C810074E24F /* NetWorkTools.swift */; };
		3791FF3B1EB096400074E24F /* NewsModel.swift in Sources */ = {isa = PBXBuildFile; fileRef = 3791FF3A1EB096400074E24F /* NewsModel.swift */; };
		3791FF3E1EB0A73B0074E24F /* NewViewTableViewCell.swift in Sources */ = {isa = PBXBuildFile; fileRef = 3791FF3C1EB0A73B0074E24F /* NewViewTableViewCell.swift */; };
		3791FF3F1EB0A73B0074E24F /* NewViewTableViewCell.xib in Resources */ = {isa = PBXBuildFile; fileRef = 3791FF3D1EB0A73B0074E24F /* NewViewTableViewCell.xib */; };
		F133589DB5B5040C42B4F1CD /* Pods_Swift_Nav.framework in Frameworks */ = {isa = PBXBuildFile; fileRef = 4F3AF64B5810086E1B379BD2 /* Pods_Swift_Nav.framework */; };
/* End PBXBuildFile section */

/* Begin PBXFileReference section */
		3791FF1C1EB0691A0074E24F /* Swift_Nav.app */ = {isa = PBXFileReference; explicitFileType = wrapper.application; includeInIndex = 0; path = Swift_Nav.app; sourceTree = BUILT_PRODUCTS_DIR; };
		3791FF1F1EB0691A0074E24F /* AppDelegate.swift */ = {isa = PBXFileReference; lastKnownFileType = sourcecode.swift; path = AppDelegate.swift; sourceTree = "<group>"; };
		3791FF241EB0691A0074E24F /* Base */ = {isa = PBXFileReference; lastKnownFileType = file.storyboard; name = Base; path = Base.lproj/Main.storyboard; sourceTree = "<group>"; };
		3791FF261EB0691A0074E24F /* Assets.xcassets */ = {isa = PBXFileReference; lastKnownFileType = folder.assetcatalog; path = Assets.xcassets; sourceTree = "<group>"; };
		3791FF291EB0691A0074E24F /* Base */ = {isa = PBXFileReference; lastKnownFileType = file.storyboard; name = Base; path = Base.lproj/LaunchScreen.storyboard; sourceTree = "<group>"; };
		3791FF2B1EB0691A0074E24F /* Info.plist */ = {isa = PBXFileReference; lastKnownFileType = text.plist.xml; path = Info.plist; sourceTree = "<group>"; };
		3791FF331EB08C4A0074E24F /* ViewController.swift */ = {isa = PBXFileReference; fileEncoding = 4; lastKnownFileType = sourcecode.swift; path = ViewController.swift; sourceTree = "<group>"; };
		3791FF381EB08C810074E24F /* NetWorkTools.swift */ = {isa = PBXFileReference; fileEncoding = 4; lastKnownFileType = sourcecode.swift; path = NetWorkTools.swift; sourceTree = "<group>"; };
		3791FF3A1EB096400074E24F /* NewsModel.swift */ = {isa = PBXFileReference; fileEncoding = 4; lastKnownFileType = sourcecode.swift; path = NewsModel.swift; sourceTree = "<group>"; };
		3791FF3C1EB0A73B0074E24F /* NewViewTableViewCell.swift */ = {isa = PBXFileReference; fileEncoding = 4; lastKnownFileType = sourcecode.swift; path = NewViewTableViewCell.swift; sourceTree = "<group>"; };
		3791FF3D1EB0A73B0074E24F /* NewViewTableViewCell.xib */ = {isa = PBXFileReference; fileEncoding = 4; lastKnownFileType = file.xib; path = NewViewTableViewCell.xib; sourceTree = "<group>"; };
		4F3AF64B5810086E1B379BD2 /* Pods_Swift_Nav.framework */ = {isa = PBXFileReference; explicitFileType = wrapper.framework; includeInIndex = 0; path = Pods_Swift_Nav.framework; sourceTree = BUILT_PRODUCTS_DIR; };
		690538C60B92A3DC163DD6C0 /* Pods-Swift_Nav.release.xcconfig */ = {isa = PBXFileReference; includeInIndex = 1; lastKnownFileType = text.xcconfig; name = "Pods-Swift_Nav.release.xcconfig"; path = "Pods/Target Support Files/Pods-Swift_Nav/Pods-Swift_Nav.release.xcconfig"; sourceTree = "<group>"; };
		E749EC054716B03DB9A8CAB4 /* Pods-Swift_Nav.debug.xcconfig */ = {isa = PBXFileReference; includeInIndex = 1; lastKnownFileType = text.xcconfig; name = "Pods-Swift_Nav.debug.xcconfig"; path = "Pods/Target Support Files/Pods-Swift_Nav/Pods-Swift_Nav.debug.xcconfig"; sourceTree = "<group>"; };
/* End PBXFileReference section */

/* Begin PBXFrameworksBuildPhase section */
		3791FF191EB0691A0074E24F /* Frameworks */ = {
			isa = PBXFrameworksBuildPhase;
			buildActionMask = 2147483647;
			files = (
				F133589DB5B5040C42B4F1CD /* Pods_Swift_Nav.framework in Frameworks */,
			);
			runOnlyForDeploymentPostprocessing = 0;
		};
/* End PBXFrameworksBuildPhase section */

/* Begin PBXGroup section */
		3791FF131EB0691A0074E24F = {
			isa = PBXGroup;
			children = (
				3791FF1E1EB0691A0074E24F /* Swift_Nav */,
				3791FF1D1EB0691A0074E24F /* Products */,
				97CA2DAB11FB4919AD8731E1 /* Pods */,
				5409938E32EF3C370106EA86 /* Frameworks */,
			);
			sourceTree = "<group>";
		};
		3791FF1D1EB0691A0074E24F /* Products */ = {
			isa = PBXGroup;
			children = (
				3791FF1C1EB0691A0074E24F /* Swift_Nav.app */,
			);
			name = Products;
			sourceTree = "<group>";
		};
		3791FF1E1EB0691A0074E24F /* Swift_Nav */ = {
			isa = PBXGroup;
			children = (
				3791FF311EB08C4A0074E24F /* Classes */,
				3791FF1F1EB0691A0074E24F /* AppDelegate.swift */,
				3791FF231EB0691A0074E24F /* Main.storyboard */,
				3791FF261EB0691A0074E24F /* Assets.xcassets */,
				3791FF281EB0691A0074E24F /* LaunchScreen.storyboard */,
				3791FF2B1EB0691A0074E24F /* Info.plist */,
			);
			path = Swift_Nav;
			sourceTree = "<group>";
		};
		3791FF311EB08C4A0074E24F /* Classes */ = {
			isa = PBXGroup;
			children = (
				3791FF321EB08C4A0074E24F /* Controller */,
				3791FF341EB08C4A0074E24F /* Model */,
				3791FF351EB08C4A0074E24F /* Tools */,
				3791FF361EB08C4A0074E24F /* View */,
			);
			path = Classes;
			sourceTree = "<group>";
		};
		3791FF321EB08C4A0074E24F /* Controller */ = {
			isa = PBXGroup;
			children = (
				3791FF331EB08C4A0074E24F /* ViewController.swift */,
			);
			path = Controller;
			sourceTree = "<group>";
		};
		3791FF341EB08C4A0074E24F /* Model */ = {
			isa = PBXGroup;
			children = (
				3791FF3A1EB096400074E24F /* NewsModel.swift */,
			);
			path = Model;
			sourceTree = "<group>";
		};
		3791FF351EB08C4A0074E24F /* Tools */ = {
			isa = PBXGroup;
			children = (
				3791FF381EB08C810074E24F /* NetWorkTools.swift */,
			);
			path = Tools;
			sourceTree = "<group>";
		};
		3791FF361EB08C4A0074E24F /* View */ = {
			isa = PBXGroup;
			children = (
				3791FF3C1EB0A73B0074E24F /* NewViewTableViewCell.swift */,
				3791FF3D1EB0A73B0074E24F /* NewViewTableViewCell.xib */,
			);
			path = View;
			sourceTree = "<group>";
		};
		5409938E32EF3C370106EA86 /* Frameworks */ = {
			isa = PBXGroup;
			children = (
				4F3AF64B5810086E1B379BD2 /* Pods_Swift_Nav.framework */,
			);
			name = Frameworks;
			sourceTree = "<group>";
		};
		97CA2DAB11FB4919AD8731E1 /* Pods */ = {
			isa = PBXGroup;
			children = (
				E749EC054716B03DB9A8CAB4 /* Pods-Swift_Nav.debug.xcconfig */,
				690538C60B92A3DC163DD6C0 /* Pods-Swift_Nav.release.xcconfig */,
			);
			name = Pods;
			sourceTree = "<group>";
		};
/* End PBXGroup section */

/* Begin PBXNativeTarget section */
		3791FF1B1EB0691A0074E24F /* Swift_Nav */ = {
			isa = PBXNativeTarget;
			buildConfigurationList = 3791FF2E1EB0691A0074E24F /* Build configuration list for PBXNativeTarget "Swift_Nav" */;
			buildPhases = (
				E170EDA1FBA6A68692429D03 /* [CP] Check Pods Manifest.lock */,
				3791FF181EB0691A0074E24F /* Sources */,
				3791FF191EB0691A0074E24F /* Frameworks */,
				3791FF1A1EB0691A0074E24F /* Resources */,
				71202CF61D4F01AF555C5BF0 /* [CP] Embed Pods Frameworks */,
				288A8F24E7E2327D3FA3135D /* [CP] Copy Pods Resources */,
			);
			buildRules = (
			);
			dependencies = (
			);
			name = Swift_Nav;
			productName = Swift_Nav;
			productReference = 3791FF1C1EB0691A0074E24F /* Swift_Nav.app */;
			productType = "com.apple.product-type.application";
		};
/* End PBXNativeTarget section */

/* Begin PBXProject section */
		3791FF141EB0691A0074E24F /* Project object */ = {
			isa = PBXProject;
			attributes = {
				LastSwiftUpdateCheck = 0820;
				LastUpgradeCheck = 0820;
				ORGANIZATIONNAME = "田彬彬";
				TargetAttributes = {
					3791FF1B1EB0691A0074E24F = {
						CreatedOnToolsVersion = 8.2.1;
						ProvisioningStyle = Automatic;
					};
				};
			};
			buildConfigurationList = 3791FF171EB0691A0074E24F /* Build configuration list for PBXProject "Swift_Nav" */;
			compatibilityVersion = "Xcode 3.2";
			developmentRegion = English;
			hasScannedForEncodings = 0;
			knownRegions = (
				en,
				Base,
			);
			mainGroup = 3791FF131EB0691A0074E24F;
			productRefGroup = 3791FF1D1EB0691A0074E24F /* Products */;
			projectDirPath = "";
			projectRoot = "";
			targets = (
				3791FF1B1EB0691A0074E24F /* Swift_Nav */,
			);
		};
/* End PBXProject section */

/* Begin PBXResourcesBuildPhase section */
		3791FF1A1EB0691A0074E24F /* Resources */ = {
			isa = PBXResourcesBuildPhase;
			buildActionMask = 2147483647;
			files = (
				3791FF2A1EB0691A0074E24F /* LaunchScreen.storyboard in Resources */,
				3791FF3F1EB0A73B0074E24F /* NewViewTableViewCell.xib in Resources */,
				3791FF271EB0691A0074E24F /* Assets.xcassets in Resources */,
				3791FF251EB0691A0074E24F /* Main.storyboard in Resources */,
			);
			runOnlyForDeploymentPostprocessing = 0;
		};
/* End PBXResourcesBuildPhase section */

/* Begin PBXShellScriptBuildPhase section */
		288A8F24E7E2327D3FA3135D /* [CP] Copy Pods Resources */ = {
			isa = PBXShellScriptBuildPhase;
			buildActionMask = 2147483647;
			files = (
			);
			inputPaths = (
			);
			name = "[CP] Copy Pods Resources";
			outputPaths = (
			);
			runOnlyForDeploymentPostprocessing = 0;
			shellPath = /bin/sh;
			shellScript = "\"${SRCROOT}/Pods/Target Support Files/Pods-Swift_Nav/Pods-Swift_Nav-resources.sh\"\n";
			showEnvVarsInLog = 0;
		};
		71202CF61D4F01AF555C5BF0 /* [CP] Embed Pods Frameworks */ = {
			isa = PBXShellScriptBuildPhase;
			buildActionMask = 2147483647;
			files = (
			);
			inputPaths = (
			);
			name = "[CP] Embed Pods Frameworks";
			outputPaths = (
			);
			runOnlyForDeploymentPostprocessing = 0;
			shellPath = /bin/sh;
			shellScript = "\"${SRCROOT}/Pods/Target Support Files/Pods-Swift_Nav/Pods-Swift_Nav-frameworks.sh\"\n";
			showEnvVarsInLog = 0;
		};
		E170EDA1FBA6A68692429D03 /* [CP] Check Pods Manifest.lock */ = {
			isa = PBXShellScriptBuildPhase;
			buildActionMask = 2147483647;
			files = (
			);
			inputPaths = (
			);
			name = "[CP] Check Pods Manifest.lock";
			outputPaths = (
			);
			runOnlyForDeploymentPostprocessing = 0;
			shellPath = /bin/sh;
			shellScript = "diff \"${PODS_PODFILE_DIR_PATH}/Podfile.lock\" \"${PODS_ROOT}/Manifest.lock\" > /dev/null\nif [ $? != 0 ] ; then\n    # print error to STDERR\n    echo \"error: The sandbox is not in sync with the Podfile.lock. Run 'pod install' or update your CocoaPods installation.\" >&2\n    exit 1\nfi\n";
			showEnvVarsInLog = 0;
		};
/* End PBXShellScriptBuildPhase section */

/* Begin PBXSourcesBuildPhase section */
		3791FF181EB0691A0074E24F /* Sources */ = {
			isa = PBXSourcesBuildPhase;
			buildActionMask = 2147483647;
			files = (
				3791FF3B1EB096400074E24F /* NewsModel.swift in Sources */,
				3791FF3E1EB0A73B0074E24F /* NewViewTableViewCell.swift in Sources */,
				3791FF371EB08C4A0074E24F /* ViewController.swift in Sources */,
				3791FF201EB0691A0074E24F /* AppDelegate.swift in Sources */,
				3791FF391EB08C810074E24F /* NetWorkTools.swift in Sources */,
			);
			runOnlyForDeploymentPostprocessing = 0;
		};
/* End PBXSourcesBuildPhase section */

/* Begin PBXVariantGroup section */
		3791FF231EB0691A0074E24F /* Main.storyboard */ = {
			isa = PBXVariantGroup;
			children = (
				3791FF241EB0691A0074E24F /* Base */,
			);
			name = Main.storyboard;
			sourceTree = "<group>";
		};
		3791FF281EB0691A0074E24F /* LaunchScreen.storyboard */ = {
			isa = PBXVariantGroup;
			children = (
				3791FF291EB0691A0074E24F /* Base */,
			);
			name = LaunchScreen.storyboard;
			sourceTree = "<group>";
		};
/* End PBXVariantGroup section */

/* Begin XCBuildConfiguration section */
		3791FF2C1EB0691A0074E24F /* Debug */ = {
			isa = XCBuildConfiguration;
			buildSettings = {
				ALWAYS_SEARCH_USER_PATHS = NO;
				CLANG_ANALYZER_NONNULL = YES;
				CLANG_CXX_LANGUAGE_STANDARD = "gnu++0x";
				CLANG_CXX_LIBRARY = "libc++";
				CLANG_ENABLE_MODULES = YES;
				CLANG_ENABLE_OBJC_ARC = YES;
				CLANG_WARN_BOOL_CONVERSION = YES;
				CLANG_WARN_CONSTANT_CONVERSION = YES;
				CLANG_WARN_DIRECT_OBJC_ISA_USAGE = YES_ERROR;
				CLANG_WARN_DOCUMENTATION_COMMENTS = YES;
				CLANG_WARN_EMPTY_BODY = YES;
				CLANG_WARN_ENUM_CONVERSION = YES;
				CLANG_WARN_INFINITE_RECURSION = YES;
				CLANG_WARN_INT_CONVERSION = YES;
				CLANG_WARN_OBJC_ROOT_CLASS = YES_ERROR;
				CLANG_WARN_SUSPICIOUS_MOVE = YES;
				CLANG_WARN_UNREACHABLE_CODE = YES;
				CLANG_WARN__DUPLICATE_METHOD_MATCH = YES;
				"CODE_SIGN_IDENTITY[sdk=iphoneos*]" = "iPhone Developer";
				COPY_PHASE_STRIP = NO;
				DEBUG_INFORMATION_FORMAT = dwarf;
				ENABLE_STRICT_OBJC_MSGSEND = YES;
				ENABLE_TESTABILITY = YES;
				GCC_C_LANGUAGE_STANDARD = gnu99;
				GCC_DYNAMIC_NO_PIC = NO;
				GCC_NO_COMMON_BLOCKS = YES;
				GCC_OPTIMIZATION_LEVEL = 0;
				GCC_PREPROCESSOR_DEFINITIONS = (
					"DEBUG=1",
					"$(inherited)",
				);
				GCC_WARN_64_TO_32_BIT_CONVERSION = YES;
				GCC_WARN_ABOUT_RETURN_TYPE = YES_ERROR;
				GCC_WARN_UNDECLARED_SELECTOR = YES;
				GCC_WARN_UNINITIALIZED_AUTOS = YES_AGGRESSIVE;
				GCC_WARN_UNUSED_FUNCTION = YES;
				GCC_WARN_UNUSED_VARIABLE = YES;
				IPHONEOS_DEPLOYMENT_TARGET = 10.2;
				MTL_ENABLE_DEBUG_INFO = YES;
				ONLY_ACTIVE_ARCH = YES;
				SDKROOT = iphoneos;
				SWIFT_ACTIVE_COMPILATION_CONDITIONS = DEBUG;
				SWIFT_OPTIMIZATION_LEVEL = "-Onone";
			};
			name = Debug;
		};
		3791FF2D1EB0691A0074E24F /* Release */ = {
			isa = XCBuildConfiguration;
			buildSettings = {
				ALWAYS_SEARCH_USER_PATHS = NO;
				CLANG_ANALYZER_NONNULL = YES;
				CLANG_CXX_LANGUAGE_STANDARD = "gnu++0x";
				CLANG_CXX_LIBRARY = "libc++";
				CLANG_ENABLE_MODULES = YES;
				CLANG_ENABLE_OBJC_ARC = YES;
				CLANG_WARN_BOOL_CONVERSION = YES;
				CLANG_WARN_CONSTANT_CONVERSION = YES;
				CLANG_WARN_DIRECT_OBJC_ISA_USAGE = YES_ERROR;
				CLANG_WARN_DOCUMENTATION_COMMENTS = YES;
				CLANG_WARN_EMPTY_BODY = YES;
				CLANG_WARN_ENUM_CONVERSION = YES;
				CLANG_WARN_INFINITE_RECURSION = YES;
				CLANG_WARN_INT_CONVERSION = YES;
				CLANG_WARN_OBJC_ROOT_CLASS = YES_ERROR;
				CLANG_WARN_SUSPICIOUS_MOVE = YES;
				CLANG_WARN_UNREACHABLE_CODE = YES;
				CLANG_WARN__DUPLICATE_METHOD_MATCH = YES;
				"CODE_SIGN_IDENTITY[sdk=iphoneos*]" = "iPhone Developer";
				COPY_PHASE_STRIP = NO;
				DEBUG_INFORMATION_FORMAT = "dwarf-with-dsym";
				ENABLE_NS_ASSERTIONS = NO;
				ENABLE_STRICT_OBJC_MSGSEND = YES;
				GCC_C_LANGUAGE_STANDARD = gnu99;
				GCC_NO_COMMON_BLOCKS = YES;
				GCC_WARN_64_TO_32_BIT_CONVERSION = YES;
				GCC_WARN_ABOUT_RETURN_TYPE = YES_ERROR;
				GCC_WARN_UNDECLARED_SELECTOR = YES;
				GCC_WARN_UNINITIALIZED_AUTOS = YES_AGGRESSIVE;
				GCC_WARN_UNUSED_FUNCTION = YES;
				GCC_WARN_UNUSED_VARIABLE = YES;
				IPHONEOS_DEPLOYMENT_TARGET = 10.2;
				MTL_ENABLE_DEBUG_INFO = NO;
				SDKROOT = iphoneos;
				SWIFT_OPTIMIZATION_LEVEL = "-Owholemodule";
				VALIDATE_PRODUCT = YES;
			};
			name = Release;
		};
		3791FF2F1EB0691A0074E24F /* Debug */ = {
			isa = XCBuildConfiguration;
			baseConfigurationReference = E749EC054716B03DB9A8CAB4 /* Pods-Swift_Nav.debug.xcconfig */;
			buildSettings = {
				ASSETCATALOG_COMPILER_APPICON_NAME = AppIcon;
				INFOPLIST_FILE = Swift_Nav/Info.plist;
				IPHONEOS_DEPLOYMENT_TARGET = 9.0;
				LD_RUNPATH_SEARCH_PATHS = "$(inherited) @executable_path/Frameworks";
				PRODUCT_BUNDLE_IDENTIFIER = "com.kkeye.cn.Swift-Nav";
				PRODUCT_NAME = "$(TARGET_NAME)";
				SWIFT_VERSION = 3.0;
			};
			name = Debug;
		};
		3791FF301EB0691A0074E24F /* Release */ = {
			isa = XCBuildConfiguration;
			baseConfigurationReference = 690538C60B92A3DC163DD6C0 /* Pods-Swift_Nav.release.xcconfig */;
			buildSettings = {
				ASSETCATALOG_COMPILER_APPICON_NAME = AppIcon;
				INFOPLIST_FILE = Swift_Nav/Info.plist;
				IPHONEOS_DEPLOYMENT_TARGET = 9.0;
				LD_RUNPATH_SEARCH_PATHS = "$(inherited) @executable_path/Frameworks";
				PRODUCT_BUNDLE_IDENTIFIER = "com.kkeye.cn.Swift-Nav";
				PRODUCT_NAME = "$(TARGET_NAME)";
				SWIFT_VERSION = 3.0;
			};
			name = Release;
		};
/* End XCBuildConfiguration section */

/* Begin XCConfigurationList section */
		3791FF171EB0691A0074E24F /* Build configuration list for PBXProject "Swift_Nav" */ = {
			isa = XCConfigurationList;
			buildConfigurations = (
				3791FF2C1EB0691A0074E24F /* Debug */,
				3791FF2D1EB0691A0074E24F /* Release */,
			);
			defaultConfigurationIsVisible = 0;
			defaultConfigurationName = Release;
		};
		3791FF2E1EB0691A0074E24F /* Build configuration list for PBXNativeTarget "Swift_Nav" */ = {
			isa = XCConfigurationList;
			buildConfigurations = (
				3791FF2F1EB0691A0074E24F /* Debug */,
				3791FF301EB0691A0074E24F /* Release */,
			);
			defaultConfigurationIsVisible = 0;
			defaultConfigurationName = Release;
		};
/* End XCConfigurationList section */
	};
	rootObject = 3791FF141EB0691A0074E24F /* Project object */;
}
